{
  "name": "bucc-notification",
  "version": "1.0.0",
  "lockfileVersion": 3,
  "requires": true,
  "packages": {
    "": {
      "name": "bucc-notification",
      "version": "1.0.0",
      "license": "ISC",
      "devDependencies": {
        "husky": "^9.0.4"
      }
    },
    "node_modules/husky": {
      "version": "9.0.4",
      "resolved": "https://registry.npmjs.org/husky/-/husky-9.0.4.tgz",
      "integrity": "sha512-V3C/ksKcegckemdA20SxPC8x5OE2kVmiICCtChUCmaIKKF7mriBZIQd/7+cfyWkilI1OE1P8XlpMdOQE+IIcQA==",
      "dev": true,
      "bin": {
        "husky": "bin.js"
      },
      "engines": {
        "node": ">=18"
      },
      "funding": {
        "url": "https://github.com/sponsors/typicode"
      }
    }
  }
}
